// !$*UTF8*$!
{
	archiveVersion = 1;
	classes = {
	};
	objectVersion = 46;
	objects = {

/* Begin PBXBuildFile section */
		980A7AF91DB9A68A00316915 /* Skins in Resources */ = {isa = PBXBuildFile; fileRef = 980A7AF81DB9A68A00316915 /* Skins */; };
		98AD05091DBAF5DD00653428 /* Localizable.strings in Resources */ = {isa = PBXBuildFile; fileRef = 98AD050B1DBAF5DD00653428 /* Localizable.strings */; };
		98AD050F1DBAF97D00653428 /* LocalizationManager.m in Sources */ = {isa = PBXBuildFile; fileRef = 98AD050E1DBAF97D00653428 /* LocalizationManager.m */; };
		98AD05121DBBC31000653428 /* InfoPlist.strings in Resources */ = {isa = PBXBuildFile; fileRef = 98AD05141DBBC31000653428 /* InfoPlist.strings */; };
		98AD051B1DBCDF8300653428 /* UIView+Response.m in Sources */ = {isa = PBXBuildFile; fileRef = 98AD051A1DBCDF8300653428 /* UIView+Response.m */; };
		98AD05201DBD132500653428 /* LeftViewController.m in Sources */ = {isa = PBXBuildFile; fileRef = 98AD051E1DBD132500653428 /* LeftViewController.m */; };
		98AD05211DBD132500653428 /* LeftViewController.xib in Resources */ = {isa = PBXBuildFile; fileRef = 98AD051F1DBD132500653428 /* LeftViewController.xib */; };
		98AD05251DBD133600653428 /* RightViewController.m in Sources */ = {isa = PBXBuildFile; fileRef = 98AD05231DBD133600653428 /* RightViewController.m */; };
		98AD05261DBD133600653428 /* RightViewController.xib in Resources */ = {isa = PBXBuildFile; fileRef = 98AD05241DBD133600653428 /* RightViewController.xib */; };
		98AD052C1DBD154300653428 /* BaseViewController+MMDrawerViewController.m in Sources */ = {isa = PBXBuildFile; fileRef = 98AD052B1DBD154300653428 /* BaseViewController+MMDrawerViewController.m */; };
		98C75F6D1DB5F0E50061DED6 /* main.m in Sources */ = {isa = PBXBuildFile; fileRef = 98C75F6C1DB5F0E50061DED6 /* main.m */; };
		98C75F701DB5F0E50061DED6 /* AppDelegate.m in Sources */ = {isa = PBXBuildFile; fileRef = 98C75F6F1DB5F0E50061DED6 /* AppDelegate.m */; };
		98C75F7B1DB5F0E50061DED6 /* LaunchScreen.storyboard in Resources */ = {isa = PBXBuildFile; fileRef = 98C75F791DB5F0E50061DED6 /* LaunchScreen.storyboard */; };
		98C75F861DB5F0E50061DED6 /* GabriellaXiaTests.m in Sources */ = {isa = PBXBuildFile; fileRef = 98C75F851DB5F0E50061DED6 /* GabriellaXiaTests.m */; };
		98C75F911DB5F0E50061DED6 /* GabriellaXiaUITests.m in Sources */ = {isa = PBXBuildFile; fileRef = 98C75F901DB5F0E50061DED6 /* GabriellaXiaUITests.m */; };
		98C75FD31DB77A070061DED6 /* BaseViewController.m in Sources */ = {isa = PBXBuildFile; fileRef = 98C75FC71DB77A070061DED6 /* BaseViewController.m */; };
		98C75FD41DB77A070061DED6 /* BaseViewController.xib in Resources */ = {isa = PBXBuildFile; fileRef = 98C75FC81DB77A070061DED6 /* BaseViewController.xib */; };
		98C75FD51DB77A070061DED6 /* HomeViewController.m in Sources */ = {isa = PBXBuildFile; fileRef = 98C75FCC1DB77A070061DED6 /* HomeViewController.m */; };
		98C75FD61DB77A070061DED6 /* HomeViewController.xib in Resources */ = {isa = PBXBuildFile; fileRef = 98C75FCD1DB77A070061DED6 /* HomeViewController.xib */; };
		98C75FD71DB77A070061DED6 /* MainTabBarController.m in Sources */ = {isa = PBXBuildFile; fileRef = 98C75FCF1DB77A070061DED6 /* MainTabBarController.m */; };
		98C75FE11DB77A170061DED6 /* NavigationManager.m in Sources */ = {isa = PBXBuildFile; fileRef = 98C75FDB1DB77A170061DED6 /* NavigationManager.m */; };
		98C75FE21DB77A170061DED6 /* DataSaveTool.m in Sources */ = {isa = PBXBuildFile; fileRef = 98C75FE01DB77A170061DED6 /* DataSaveTool.m */; };
		98C75FE61DB77BB00061DED6 /* AppConstants.m in Sources */ = {isa = PBXBuildFile; fileRef = 98C75FE51DB77BB00061DED6 /* AppConstants.m */; };
		98C75FEA1DB7B7A10061DED6 /* DiscoverViewController.m in Sources */ = {isa = PBXBuildFile; fileRef = 98C75FE81DB7B7A10061DED6 /* DiscoverViewController.m */; };
		98C75FEB1DB7B7A10061DED6 /* DiscoverViewController.xib in Resources */ = {isa = PBXBuildFile; fileRef = 98C75FE91DB7B7A10061DED6 /* DiscoverViewController.xib */; };
		98C75FEF1DB7B7BB0061DED6 /* MoreViewController.m in Sources */ = {isa = PBXBuildFile; fileRef = 98C75FED1DB7B7BB0061DED6 /* MoreViewController.m */; };
		98C75FF01DB7B7BB0061DED6 /* MoreViewController.xib in Resources */ = {isa = PBXBuildFile; fileRef = 98C75FEE1DB7B7BB0061DED6 /* MoreViewController.xib */; };
		98C75FF41DB7B7CF0061DED6 /* MeViewController.m in Sources */ = {isa = PBXBuildFile; fileRef = 98C75FF21DB7B7CF0061DED6 /* MeViewController.m */; };
		98C75FF51DB7B7CF0061DED6 /* MeViewController.xib in Resources */ = {isa = PBXBuildFile; fileRef = 98C75FF31DB7B7CF0061DED6 /* MeViewController.xib */; };
		98C75FF91DB7B7E40061DED6 /* MessageViewController.m in Sources */ = {isa = PBXBuildFile; fileRef = 98C75FF71DB7B7E40061DED6 /* MessageViewController.m */; };
		98C75FFA1DB7B7E40061DED6 /* MessageViewController.xib in Resources */ = {isa = PBXBuildFile; fileRef = 98C75FF81DB7B7E40061DED6 /* MessageViewController.xib */; };
		98C75FFE1DB7B9CB0061DED6 /* LoginViewController.m in Sources */ = {isa = PBXBuildFile; fileRef = 98C75FFC1DB7B9CB0061DED6 /* LoginViewController.m */; };
		98C75FFF1DB7B9CB0061DED6 /* LoginViewController.xib in Resources */ = {isa = PBXBuildFile; fileRef = 98C75FFD1DB7B9CB0061DED6 /* LoginViewController.xib */; };
		98C760031DB7B9E10061DED6 /* RegisterViewController.m in Sources */ = {isa = PBXBuildFile; fileRef = 98C760011DB7B9E10061DED6 /* RegisterViewController.m */; };
		98C760041DB7B9E10061DED6 /* RegisterViewController.xib in Resources */ = {isa = PBXBuildFile; fileRef = 98C760021DB7B9E10061DED6 /* RegisterViewController.xib */; };
		98C760081DB7C0180061DED6 /* ThemeImageView.m in Sources */ = {isa = PBXBuildFile; fileRef = 98C760071DB7C0180061DED6 /* ThemeImageView.m */; };
		98C7600B1DB7C0320061DED6 /* ThemeLable.m in Sources */ = {isa = PBXBuildFile; fileRef = 98C7600A1DB7C0320061DED6 /* ThemeLable.m */; };
		98C7600E1DB7C0760061DED6 /* ThemeButton.m in Sources */ = {isa = PBXBuildFile; fileRef = 98C7600D1DB7C0760061DED6 /* ThemeButton.m */; };
		98C760111DB7C0B10061DED6 /* ThemeManeger.m in Sources */ = {isa = PBXBuildFile; fileRef = 98C760101DB7C0B10061DED6 /* ThemeManeger.m */; };
		DFBFEB02D676BB03A0D35BE7 /* libPods-GabriellaXia.a in Frameworks */ = {isa = PBXBuildFile; fileRef = 7CFDB452BE2B6D377238ADB9 /* libPods-GabriellaXia.a */; };
/* End PBXBuildFile section */

/* Begin PBXContainerItemProxy section */
		98C75F821DB5F0E50061DED6 /* PBXContainerItemProxy */ = {
			isa = PBXContainerItemProxy;
			containerPortal = 98C75F601DB5F0E40061DED6 /* Project object */;
			proxyType = 1;
			remoteGlobalIDString = 98C75F671DB5F0E50061DED6;
			remoteInfo = GabriellaXia;
		};
		98C75F8D1DB5F0E50061DED6 /* PBXContainerItemProxy */ = {
			isa = PBXContainerItemProxy;
			containerPortal = 98C75F601DB5F0E40061DED6 /* Project object */;
			proxyType = 1;
			remoteGlobalIDString = 98C75F671DB5F0E50061DED6;
			remoteInfo = GabriellaXia;
		};
/* End PBXContainerItemProxy section */

/* Begin PBXFileReference section */
		487BD6827DD89F3EE97DA90A /* Pods-GabriellaXia.release.xcconfig */ = {isa = PBXFileReference; includeInIndex = 1; lastKnownFileType = text.xcconfig; name = "Pods-GabriellaXia.release.xcconfig"; path = "Pods/Target Support Files/Pods-GabriellaXia/Pods-GabriellaXia.release.xcconfig"; sourceTree = "<group>"; };
		623AE4C252233D4CD424C1CC /* Pods-GabriellaXia.debug.xcconfig */ = {isa = PBXFileReference; includeInIndex = 1; lastKnownFileType = text.xcconfig; name = "Pods-GabriellaXia.debug.xcconfig"; path = "Pods/Target Support Files/Pods-GabriellaXia/Pods-GabriellaXia.debug.xcconfig"; sourceTree = "<group>"; };
		7CFDB452BE2B6D377238ADB9 /* libPods-GabriellaXia.a */ = {isa = PBXFileReference; explicitFileType = archive.ar; includeInIndex = 0; path = "libPods-GabriellaXia.a"; sourceTree = BUILT_PRODUCTS_DIR; };
		980A7AF81DB9A68A00316915 /* Skins */ = {isa = PBXFileReference; lastKnownFileType = folder; path = Skins; sourceTree = "<group>"; };
		98AD05031DBAEFD400653428 /* zh-Hans */ = {isa = PBXFileReference; lastKnownFileType = text.plist.strings; name = "zh-Hans"; path = "zh-Hans.lproj/LaunchScreen.strings"; sourceTree = "<group>"; };
		98AD050A1DBAF5DD00653428 /* en */ = {isa = PBXFileReference; lastKnownFileType = text.plist.strings; name = en; path = en.lproj/Localizable.strings; sourceTree = "<group>"; };
		98AD050C1DBAF5E800653428 /* zh-Hans */ = {isa = PBXFileReference; lastKnownFileType = text.plist.strings; name = "zh-Hans"; path = "zh-Hans.lproj/Localizable.strings"; sourceTree = "<group>"; };
		98AD050D1DBAF97D00653428 /* LocalizationManager.h */ = {isa = PBXFileReference; fileEncoding = 4; lastKnownFileType = sourcecode.c.h; path = LocalizationManager.h; sourceTree = "<group>"; };
		98AD050E1DBAF97D00653428 /* LocalizationManager.m */ = {isa = PBXFileReference; fileEncoding = 4; lastKnownFileType = sourcecode.c.objc; path = LocalizationManager.m; sourceTree = "<group>"; };
		98AD05131DBBC31000653428 /* en */ = {isa = PBXFileReference; lastKnownFileType = text.plist.strings; name = en; path = en.lproj/InfoPlist.strings; sourceTree = "<group>"; };
		98AD05151DBBC31C00653428 /* zh-Hans */ = {isa = PBXFileReference; lastKnownFileType = text.plist.strings; name = "zh-Hans"; path = "zh-Hans.lproj/InfoPlist.strings"; sourceTree = "<group>"; };
		98AD05161DBBC3B100653428 /* ja */ = {isa = PBXFileReference; lastKnownFileType = text.plist.strings; name = ja; path = ja.lproj/LaunchScreen.strings; sourceTree = "<group>"; };
		98AD05171DBBC3B200653428 /* ja */ = {isa = PBXFileReference; lastKnownFileType = text.plist.strings; name = ja; path = ja.lproj/Localizable.strings; sourceTree = "<group>"; };
		98AD05181DBBC3B200653428 /* ja */ = {isa = PBXFileReference; lastKnownFileType = text.plist.strings; name = ja; path = ja.lproj/InfoPlist.strings; sourceTree = "<group>"; };
		98AD05191DBCDF8300653428 /* UIView+Response.h */ = {isa = PBXFileReference; fileEncoding = 4; lastKnownFileType = sourcecode.c.h; path = "UIView+Response.h"; sourceTree = "<group>"; };
		98AD051A1DBCDF8300653428 /* UIView+Response.m */ = {isa = PBXFileReference; fileEncoding = 4; lastKnownFileType = sourcecode.c.objc; path = "UIView+Response.m"; sourceTree = "<group>"; };
		98AD051D1DBD132500653428 /* LeftViewController.h */ = {isa = PBXFileReference; fileEncoding = 4; lastKnownFileType = sourcecode.c.h; path = LeftViewController.h; sourceTree = "<group>"; };
		98AD051E1DBD132500653428 /* LeftViewController.m */ = {isa = PBXFileReference; fileEncoding = 4; lastKnownFileType = sourcecode.c.objc; path = LeftViewController.m; sourceTree = "<group>"; };
		98AD051F1DBD132500653428 /* LeftViewController.xib */ = {isa = PBXFileReference; fileEncoding = 4; lastKnownFileType = file.xib; path = LeftViewController.xib; sourceTree = "<group>"; };
		98AD05221DBD133600653428 /* RightViewController.h */ = {isa = PBXFileReference; fileEncoding = 4; lastKnownFileType = sourcecode.c.h; path = RightViewController.h; sourceTree = "<group>"; };
		98AD05231DBD133600653428 /* RightViewController.m */ = {isa = PBXFileReference; fileEncoding = 4; lastKnownFileType = sourcecode.c.objc; path = RightViewController.m; sourceTree = "<group>"; };
		98AD05241DBD133600653428 /* RightViewController.xib */ = {isa = PBXFileReference; fileEncoding = 4; lastKnownFileType = file.xib; path = RightViewController.xib; sourceTree = "<group>"; };
		98AD052A1DBD154300653428 /* BaseViewController+MMDrawerViewController.h */ = {isa = PBXFileReference; fileEncoding = 4; lastKnownFileType = sourcecode.c.h; path = "BaseViewController+MMDrawerViewController.h"; sourceTree = "<group>"; };
		98AD052B1DBD154300653428 /* BaseViewController+MMDrawerViewController.m */ = {isa = PBXFileReference; fileEncoding = 4; lastKnownFileType = sourcecode.c.objc; path = "BaseViewController+MMDrawerViewController.m"; sourceTree = "<group>"; };
		98C75F681DB5F0E50061DED6 /* GabriellaXia.app */ = {isa = PBXFileReference; explicitFileType = wrapper.application; includeInIndex = 0; path = GabriellaXia.app; sourceTree = BUILT_PRODUCTS_DIR; };
		98C75F6C1DB5F0E50061DED6 /* main.m */ = {isa = PBXFileReference; lastKnownFileType = sourcecode.c.objc; path = main.m; sourceTree = "<group>"; };
		98C75F6E1DB5F0E50061DED6 /* AppDelegate.h */ = {isa = PBXFileReference; lastKnownFileType = sourcecode.c.h; path = AppDelegate.h; sourceTree = "<group>"; };
		98C75F6F1DB5F0E50061DED6 /* AppDelegate.m */ = {isa = PBXFileReference; lastKnownFileType = sourcecode.c.objc; path = AppDelegate.m; sourceTree = "<group>"; };
		98C75F7A1DB5F0E50061DED6 /* Base */ = {isa = PBXFileReference; lastKnownFileType = file.storyboard; name = Base; path = Base.lproj/LaunchScreen.storyboard; sourceTree = "<group>"; };
		98C75F7C1DB5F0E50061DED6 /* Info.plist */ = {isa = PBXFileReference; lastKnownFileType = text.plist.xml; path = Info.plist; sourceTree = "<group>"; };
		98C75F811DB5F0E50061DED6 /* GabriellaXiaTests.xctest */ = {isa = PBXFileReference; explicitFileType = wrapper.cfbundle; includeInIndex = 0; path = GabriellaXiaTests.xctest; sourceTree = BUILT_PRODUCTS_DIR; };
		98C75F851DB5F0E50061DED6 /* GabriellaXiaTests.m */ = {isa = PBXFileReference; lastKnownFileType = sourcecode.c.objc; path = GabriellaXiaTests.m; sourceTree = "<group>"; };
		98C75F871DB5F0E50061DED6 /* Info.plist */ = {isa = PBXFileReference; lastKnownFileType = text.plist.xml; path = Info.plist; sourceTree = "<group>"; };
		98C75F8C1DB5F0E50061DED6 /* GabriellaXiaUITests.xctest */ = {isa = PBXFileReference; explicitFileType = wrapper.cfbundle; includeInIndex = 0; path = GabriellaXiaUITests.xctest; sourceTree = BUILT_PRODUCTS_DIR; };
		98C75F901DB5F0E50061DED6 /* GabriellaXiaUITests.m */ = {isa = PBXFileReference; lastKnownFileType = sourcecode.c.objc; path = GabriellaXiaUITests.m; sourceTree = "<group>"; };
		98C75F921DB5F0E50061DED6 /* Info.plist */ = {isa = PBXFileReference; lastKnownFileType = text.plist.xml; path = Info.plist; sourceTree = "<group>"; };
		98C75FB01DB73E9D0061DED6 /* ConstantDefinition.h */ = {isa = PBXFileReference; lastKnownFileType = sourcecode.c.h; path = ConstantDefinition.h; sourceTree = "<group>"; };
		98C75FB11DB73EF30061DED6 /* Conment.pch */ = {isa = PBXFileReference; lastKnownFileType = sourcecode.c.h; path = Conment.pch; sourceTree = "<group>"; };
		98C75FC61DB77A070061DED6 /* BaseViewController.h */ = {isa = PBXFileReference; fileEncoding = 4; lastKnownFileType = sourcecode.c.h; path = BaseViewController.h; sourceTree = "<group>"; };
		98C75FC71DB77A070061DED6 /* BaseViewController.m */ = {isa = PBXFileReference; fileEncoding = 4; lastKnownFileType = sourcecode.c.objc; path = BaseViewController.m; sourceTree = "<group>"; };
		98C75FC81DB77A070061DED6 /* BaseViewController.xib */ = {isa = PBXFileReference; fileEncoding = 4; lastKnownFileType = file.xib; path = BaseViewController.xib; sourceTree = "<group>"; };
		98C75FCB1DB77A070061DED6 /* HomeViewController.h */ = {isa = PBXFileReference; fileEncoding = 4; lastKnownFileType = sourcecode.c.h; path = HomeViewController.h; sourceTree = "<group>"; };
		98C75FCC1DB77A070061DED6 /* HomeViewController.m */ = {isa = PBXFileReference; fileEncoding = 4; lastKnownFileType = sourcecode.c.objc; path = HomeViewController.m; sourceTree = "<group>"; };
		98C75FCD1DB77A070061DED6 /* HomeViewController.xib */ = {isa = PBXFileReference; fileEncoding = 4; lastKnownFileType = file.xib; path = HomeViewController.xib; sourceTree = "<group>"; };
		98C75FCE1DB77A070061DED6 /* MainTabBarController.h */ = {isa = PBXFileReference; fileEncoding = 4; lastKnownFileType = sourcecode.c.h; path = MainTabBarController.h; sourceTree = "<group>"; };
		98C75FCF1DB77A070061DED6 /* MainTabBarController.m */ = {isa = PBXFileReference; fileEncoding = 4; lastKnownFileType = sourcecode.c.objc; path = MainTabBarController.m; sourceTree = "<group>"; };
		98C75FDA1DB77A170061DED6 /* NavigationManager.h */ = {isa = PBXFileReference; fileEncoding = 4; lastKnownFileType = sourcecode.c.h; path = NavigationManager.h; sourceTree = "<group>"; };
		98C75FDB1DB77A170061DED6 /* NavigationManager.m */ = {isa = PBXFileReference; fileEncoding = 4; lastKnownFileType = sourcecode.c.objc; path = NavigationManager.m; sourceTree = "<group>"; };
		98C75FDF1DB77A170061DED6 /* DataSaveTool.h */ = {isa = PBXFileReference; fileEncoding = 4; lastKnownFileType = sourcecode.c.h; path = DataSaveTool.h; sourceTree = "<group>"; };
		98C75FE01DB77A170061DED6 /* DataSaveTool.m */ = {isa = PBXFileReference; fileEncoding = 4; lastKnownFileType = sourcecode.c.objc; path = DataSaveTool.m; sourceTree = "<group>"; };
		98C75FE41DB77BB00061DED6 /* AppConstants.h */ = {isa = PBXFileReference; fileEncoding = 4; lastKnownFileType = sourcecode.c.h; path = AppConstants.h; sourceTree = "<group>"; };
		98C75FE51DB77BB00061DED6 /* AppConstants.m */ = {isa = PBXFileReference; fileEncoding = 4; lastKnownFileType = sourcecode.c.objc; path = AppConstants.m; sourceTree = "<group>"; };
		98C75FE71DB7B7A10061DED6 /* DiscoverViewController.h */ = {isa = PBXFileReference; fileEncoding = 4; lastKnownFileType = sourcecode.c.h; path = DiscoverViewController.h; sourceTree = "<group>"; };
		98C75FE81DB7B7A10061DED6 /* DiscoverViewController.m */ = {isa = PBXFileReference; fileEncoding = 4; lastKnownFileType = sourcecode.c.objc; path = DiscoverViewController.m; sourceTree = "<group>"; };
		98C75FE91DB7B7A10061DED6 /* DiscoverViewController.xib */ = {isa = PBXFileReference; fileEncoding = 4; lastKnownFileType = file.xib; path = DiscoverViewController.xib; sourceTree = "<group>"; };
		98C75FEC1DB7B7BB0061DED6 /* MoreViewController.h */ = {isa = PBXFileReference; fileEncoding = 4; lastKnownFileType = sourcecode.c.h; path = MoreViewController.h; sourceTree = "<group>"; };
		98C75FED1DB7B7BB0061DED6 /* MoreViewController.m */ = {isa = PBXFileReference; fileEncoding = 4; lastKnownFileType = sourcecode.c.objc; path = MoreViewController.m; sourceTree = "<group>"; };
		98C75FEE1DB7B7BB0061DED6 /* MoreViewController.xib */ = {isa = PBXFileReference; fileEncoding = 4; lastKnownFileType = file.xib; path = MoreViewController.xib; sourceTree = "<group>"; };
		98C75FF11DB7B7CF0061DED6 /* MeViewController.h */ = {isa = PBXFileReference; fileEncoding = 4; lastKnownFileType = sourcecode.c.h; path = MeViewController.h; sourceTree = "<group>"; };
		98C75FF21DB7B7CF0061DED6 /* MeViewController.m */ = {isa = PBXFileReference; fileEncoding = 4; lastKnownFileType = sourcecode.c.objc; path = MeViewController.m; sourceTree = "<group>"; };
		98C75FF31DB7B7CF0061DED6 /* MeViewController.xib */ = {isa = PBXFileReference; fileEncoding = 4; lastKnownFileType = file.xib; path = MeViewController.xib; sourceTree = "<group>"; };
		98C75FF61DB7B7E40061DED6 /* MessageViewController.h */ = {isa = PBXFileReference; fileEncoding = 4; lastKnownFileType = sourcecode.c.h; path = MessageViewController.h; sourceTree = "<group>"; };
		98C75FF71DB7B7E40061DED6 /* MessageViewController.m */ = {isa = PBXFileReference; fileEncoding = 4; lastKnownFileType = sourcecode.c.objc; path = MessageViewController.m; sourceTree = "<group>"; };
		98C75FF81DB7B7E40061DED6 /* MessageViewController.xib */ = {isa = PBXFileReference; fileEncoding = 4; lastKnownFileType = file.xib; path = MessageViewController.xib; sourceTree = "<group>"; };
		98C75FFB1DB7B9CB0061DED6 /* LoginViewController.h */ = {isa = PBXFileReference; fileEncoding = 4; lastKnownFileType = sourcecode.c.h; path = LoginViewController.h; sourceTree = "<group>"; };
		98C75FFC1DB7B9CB0061DED6 /* LoginViewController.m */ = {isa = PBXFileReference; fileEncoding = 4; lastKnownFileType = sourcecode.c.objc; path = LoginViewController.m; sourceTree = "<group>"; };
		98C75FFD1DB7B9CB0061DED6 /* LoginViewController.xib */ = {isa = PBXFileReference; fileEncoding = 4; lastKnownFileType = file.xib; path = LoginViewController.xib; sourceTree = "<group>"; };
		98C760001DB7B9E10061DED6 /* RegisterViewController.h */ = {isa = PBXFileReference; fileEncoding = 4; lastKnownFileType = sourcecode.c.h; path = RegisterViewController.h; sourceTree = "<group>"; };
		98C760011DB7B9E10061DED6 /* RegisterViewController.m */ = {isa = PBXFileReference; fileEncoding = 4; lastKnownFileType = sourcecode.c.objc; path = RegisterViewController.m; sourceTree = "<group>"; };
		98C760021DB7B9E10061DED6 /* RegisterViewController.xib */ = {isa = PBXFileReference; fileEncoding = 4; lastKnownFileType = file.xib; path = RegisterViewController.xib; sourceTree = "<group>"; };
		98C760061DB7C0180061DED6 /* ThemeImageView.h */ = {isa = PBXFileReference; fileEncoding = 4; lastKnownFileType = sourcecode.c.h; path = ThemeImageView.h; sourceTree = "<group>"; };
		98C760071DB7C0180061DED6 /* ThemeImageView.m */ = {isa = PBXFileReference; fileEncoding = 4; lastKnownFileType = sourcecode.c.objc; path = ThemeImageView.m; sourceTree = "<group>"; };
		98C760091DB7C0320061DED6 /* ThemeLable.h */ = {isa = PBXFileReference; fileEncoding = 4; lastKnownFileType = sourcecode.c.h; path = ThemeLable.h; sourceTree = "<group>"; };
		98C7600A1DB7C0320061DED6 /* ThemeLable.m */ = {isa = PBXFileReference; fileEncoding = 4; lastKnownFileType = sourcecode.c.objc; path = ThemeLable.m; sourceTree = "<group>"; };
		98C7600C1DB7C0760061DED6 /* ThemeButton.h */ = {isa = PBXFileReference; fileEncoding = 4; lastKnownFileType = sourcecode.c.h; path = ThemeButton.h; sourceTree = "<group>"; };
		98C7600D1DB7C0760061DED6 /* ThemeButton.m */ = {isa = PBXFileReference; fileEncoding = 4; lastKnownFileType = sourcecode.c.objc; path = ThemeButton.m; sourceTree = "<group>"; };
		98C7600F1DB7C0B10061DED6 /* ThemeManeger.h */ = {isa = PBXFileReference; fileEncoding = 4; lastKnownFileType = sourcecode.c.h; path = ThemeManeger.h; sourceTree = "<group>"; };
		98C760101DB7C0B10061DED6 /* ThemeManeger.m */ = {isa = PBXFileReference; fileEncoding = 4; lastKnownFileType = sourcecode.c.objc; path = ThemeManeger.m; sourceTree = "<group>"; };
/* End PBXFileReference section */

/* Begin PBXFrameworksBuildPhase section */
		98C75F651DB5F0E50061DED6 /* Frameworks */ = {
			isa = PBXFrameworksBuildPhase;
			buildActionMask = 2147483647;
			files = (
				DFBFEB02D676BB03A0D35BE7 /* libPods-GabriellaXia.a in Frameworks */,
			);
			runOnlyForDeploymentPostprocessing = 0;
		};
		98C75F7E1DB5F0E50061DED6 /* Frameworks */ = {
			isa = PBXFrameworksBuildPhase;
			buildActionMask = 2147483647;
			files = (
			);
			runOnlyForDeploymentPostprocessing = 0;
		};
		98C75F891DB5F0E50061DED6 /* Frameworks */ = {
			isa = PBXFrameworksBuildPhase;
			buildActionMask = 2147483647;
			files = (
			);
			runOnlyForDeploymentPostprocessing = 0;
		};
/* End PBXFrameworksBuildPhase section */

/* Begin PBXGroup section */
		98AD051C1DBD121A00653428 /* MMDrawerLeftAndRight */ = {
			isa = PBXGroup;
			children = (
				98AD051D1DBD132500653428 /* LeftViewController.h */,
				98AD051E1DBD132500653428 /* LeftViewController.m */,
				98AD051F1DBD132500653428 /* LeftViewController.xib */,
				98AD05221DBD133600653428 /* RightViewController.h */,
				98AD05231DBD133600653428 /* RightViewController.m */,
				98AD05241DBD133600653428 /* RightViewController.xib */,
				98AD052A1DBD154300653428 /* BaseViewController+MMDrawerViewController.h */,
				98AD052B1DBD154300653428 /* BaseViewController+MMDrawerViewController.m */,
			);
			path = MMDrawerLeftAndRight;
			sourceTree = "<group>";
		};
		98C75F5F1DB5F0E40061DED6 = {
			isa = PBXGroup;
			children = (
				98C75F6A1DB5F0E50061DED6 /* GabriellaXia */,
				98C75F841DB5F0E50061DED6 /* GabriellaXiaTests */,
				98C75F8F1DB5F0E50061DED6 /* GabriellaXiaUITests */,
				98C75F691DB5F0E50061DED6 /* Products */,
				D365521377D7A105252EECE2 /* Pods */,
				D7CA245161DBB2981A3FC68F /* Frameworks */,
			);
			sourceTree = "<group>";
		};
		98C75F691DB5F0E50061DED6 /* Products */ = {
			isa = PBXGroup;
			children = (
				98C75F681DB5F0E50061DED6 /* GabriellaXia.app */,
				98C75F811DB5F0E50061DED6 /* GabriellaXiaTests.xctest */,
				98C75F8C1DB5F0E50061DED6 /* GabriellaXiaUITests.xctest */,
			);
			name = Products;
			sourceTree = "<group>";
		};
		98C75F6A1DB5F0E50061DED6 /* GabriellaXia */ = {
			isa = PBXGroup;
			children = (
				98C75FC41DB77A070061DED6 /* ViewController */,
				98C75FD81DB77A170061DED6 /* Class */,
				98C75FE31DB77A1E0061DED6 /* SDk */,
				98C75F6E1DB5F0E50061DED6 /* AppDelegate.h */,
				98C75F6F1DB5F0E50061DED6 /* AppDelegate.m */,
				98C75FB01DB73E9D0061DED6 /* ConstantDefinition.h */,
				98C75FB11DB73EF30061DED6 /* Conment.pch */,
				98C75F791DB5F0E50061DED6 /* LaunchScreen.storyboard */,
				98C75F7C1DB5F0E50061DED6 /* Info.plist */,
				98AD050B1DBAF5DD00653428 /* Localizable.strings */,
				98AD05141DBBC31000653428 /* InfoPlist.strings */,
				98C760121DB7D03D0061DED6 /* Image */,
				98C75F6B1DB5F0E50061DED6 /* Supporting Files */,
			);
			path = GabriellaXia;
			sourceTree = "<group>";
		};
		98C75F6B1DB5F0E50061DED6 /* Supporting Files */ = {
			isa = PBXGroup;
			children = (
				98C75F6C1DB5F0E50061DED6 /* main.m */,
			);
			name = "Supporting Files";
			sourceTree = "<group>";
		};
		98C75F841DB5F0E50061DED6 /* GabriellaXiaTests */ = {
			isa = PBXGroup;
			children = (
				98C75F851DB5F0E50061DED6 /* GabriellaXiaTests.m */,
				98C75F871DB5F0E50061DED6 /* Info.plist */,
			);
			path = GabriellaXiaTests;
			sourceTree = "<group>";
		};
		98C75F8F1DB5F0E50061DED6 /* GabriellaXiaUITests */ = {
			isa = PBXGroup;
			children = (
				98C75F901DB5F0E50061DED6 /* GabriellaXiaUITests.m */,
				98C75F921DB5F0E50061DED6 /* Info.plist */,
			);
			path = GabriellaXiaUITests;
			sourceTree = "<group>";
		};
		98C75FC41DB77A070061DED6 /* ViewController */ = {
			isa = PBXGroup;
			children = (
				98C75FC51DB77A070061DED6 /* BaseViewController */,
				98C75FCE1DB77A070061DED6 /* MainTabBarController.h */,
				98C75FCF1DB77A070061DED6 /* MainTabBarController.m */,
				98C75FCA1DB77A070061DED6 /* Home */,
				98C75FC91DB77A070061DED6 /* Discover */,
				98C75FD21DB77A070061DED6 /* More */,
				98C75FD01DB77A070061DED6 /* Me */,
				98C75FD11DB77A070061DED6 /* Message */,
			);
			path = ViewController;
			sourceTree = "<group>";
		};
		98C75FC51DB77A070061DED6 /* BaseViewController */ = {
			isa = PBXGroup;
			children = (
				98C75FC61DB77A070061DED6 /* BaseViewController.h */,
				98C75FC71DB77A070061DED6 /* BaseViewController.m */,
				98C75FC81DB77A070061DED6 /* BaseViewController.xib */,
				98AD051C1DBD121A00653428 /* MMDrawerLeftAndRight */,
			);
			path = BaseViewController;
			sourceTree = "<group>";
		};
		98C75FC91DB77A070061DED6 /* Discover */ = {
			isa = PBXGroup;
			children = (
				98C75FE71DB7B7A10061DED6 /* DiscoverViewController.h */,
				98C75FE81DB7B7A10061DED6 /* DiscoverViewController.m */,
				98C75FE91DB7B7A10061DED6 /* DiscoverViewController.xib */,
			);
			path = Discover;
			sourceTree = "<group>";
		};
		98C75FCA1DB77A070061DED6 /* Home */ = {
			isa = PBXGroup;
			children = (
				98C75FCB1DB77A070061DED6 /* HomeViewController.h */,
				98C75FCC1DB77A070061DED6 /* HomeViewController.m */,
				98C75FCD1DB77A070061DED6 /* HomeViewController.xib */,
			);
			path = Home;
			sourceTree = "<group>";
		};
		98C75FD01DB77A070061DED6 /* Me */ = {
			isa = PBXGroup;
			children = (
				98C75FF11DB7B7CF0061DED6 /* MeViewController.h */,
				98C75FF21DB7B7CF0061DED6 /* MeViewController.m */,
				98C75FF31DB7B7CF0061DED6 /* MeViewController.xib */,
				98C75FFB1DB7B9CB0061DED6 /* LoginViewController.h */,
				98C75FFC1DB7B9CB0061DED6 /* LoginViewController.m */,
				98C75FFD1DB7B9CB0061DED6 /* LoginViewController.xib */,
				98C760001DB7B9E10061DED6 /* RegisterViewController.h */,
				98C760011DB7B9E10061DED6 /* RegisterViewController.m */,
				98C760021DB7B9E10061DED6 /* RegisterViewController.xib */,
			);
			path = Me;
			sourceTree = "<group>";
		};
		98C75FD11DB77A070061DED6 /* Message */ = {
			isa = PBXGroup;
			children = (
				98C75FF61DB7B7E40061DED6 /* MessageViewController.h */,
				98C75FF71DB7B7E40061DED6 /* MessageViewController.m */,
				98C75FF81DB7B7E40061DED6 /* MessageViewController.xib */,
			);
			path = Message;
			sourceTree = "<group>";
		};
		98C75FD21DB77A070061DED6 /* More */ = {
			isa = PBXGroup;
			children = (
				98C75FEC1DB7B7BB0061DED6 /* MoreViewController.h */,
				98C75FED1DB7B7BB0061DED6 /* MoreViewController.m */,
				98C75FEE1DB7B7BB0061DED6 /* MoreViewController.xib */,
			);
			path = More;
			sourceTree = "<group>";
		};
		98C75FD81DB77A170061DED6 /* Class */ = {
			isa = PBXGroup;
			children = (
				98C760051DB7BFA60061DED6 /* Theme */,
				98C75FD91DB77A170061DED6 /* Manage */,
				98C75FDC1DB77A170061DED6 /* Model */,
				98C75FDD1DB77A170061DED6 /* TableCell */,
				98C75FDE1DB77A170061DED6 /* Tool */,
			);
			path = Class;
			sourceTree = "<group>";
		};
		98C75FD91DB77A170061DED6 /* Manage */ = {
			isa = PBXGroup;
			children = (
				98C75FDA1DB77A170061DED6 /* NavigationManager.h */,
				98C75FDB1DB77A170061DED6 /* NavigationManager.m */,
				98C7600F1DB7C0B10061DED6 /* ThemeManeger.h */,
				98C760101DB7C0B10061DED6 /* ThemeManeger.m */,
				98AD050D1DBAF97D00653428 /* LocalizationManager.h */,
				98AD050E1DBAF97D00653428 /* LocalizationManager.m */,
			);
			path = Manage;
			sourceTree = "<group>";
		};
		98C75FDC1DB77A170061DED6 /* Model */ = {
			isa = PBXGroup;
			children = (
				98C75FE41DB77BB00061DED6 /* AppConstants.h */,
				98C75FE51DB77BB00061DED6 /* AppConstants.m */,
			);
			path = Model;
			sourceTree = "<group>";
		};
		98C75FDD1DB77A170061DED6 /* TableCell */ = {
			isa = PBXGroup;
			children = (
			);
			path = TableCell;
			sourceTree = "<group>";
		};
		98C75FDE1DB77A170061DED6 /* Tool */ = {
			isa = PBXGroup;
			children = (
				98C75FDF1DB77A170061DED6 /* DataSaveTool.h */,
				98C75FE01DB77A170061DED6 /* DataSaveTool.m */,
				98AD05191DBCDF8300653428 /* UIView+Response.h */,
				98AD051A1DBCDF8300653428 /* UIView+Response.m */,
			);
			path = Tool;
			sourceTree = "<group>";
		};
		98C75FE31DB77A1E0061DED6 /* SDk */ = {
			isa = PBXGroup;
			children = (
			);
			path = SDk;
			sourceTree = "<group>";
		};
		98C760051DB7BFA60061DED6 /* Theme */ = {
			isa = PBXGroup;
			children = (
				98C760061DB7C0180061DED6 /* ThemeImageView.h */,
				98C760071DB7C0180061DED6 /* ThemeImageView.m */,
				98C760091DB7C0320061DED6 /* ThemeLable.h */,
				98C7600A1DB7C0320061DED6 /* ThemeLable.m */,
				98C7600C1DB7C0760061DED6 /* ThemeButton.h */,
				98C7600D1DB7C0760061DED6 /* ThemeButton.m */,
			);
			path = Theme;
			sourceTree = "<group>";
		};
		98C760121DB7D03D0061DED6 /* Image */ = {
			isa = PBXGroup;
			children = (
				980A7AF81DB9A68A00316915 /* Skins */,
			);
			name = Image;
			path = SDk/Image;
			sourceTree = "<group>";
		};
		D365521377D7A105252EECE2 /* Pods */ = {
			isa = PBXGroup;
			children = (
				623AE4C252233D4CD424C1CC /* Pods-GabriellaXia.debug.xcconfig */,
				487BD6827DD89F3EE97DA90A /* Pods-GabriellaXia.release.xcconfig */,
			);
			name = Pods;
			sourceTree = "<group>";
		};
		D7CA245161DBB2981A3FC68F /* Frameworks */ = {
			isa = PBXGroup;
			children = (
				7CFDB452BE2B6D377238ADB9 /* libPods-GabriellaXia.a */,
			);
			name = Frameworks;
			sourceTree = "<group>";
		};
/* End PBXGroup section */

/* Begin PBXNativeTarget section */
		98C75F671DB5F0E50061DED6 /* GabriellaXia */ = {
			isa = PBXNativeTarget;
			buildConfigurationList = 98C75F951DB5F0E50061DED6 /* Build configuration list for PBXNativeTarget "GabriellaXia" */;
			buildPhases = (
				8EF268F8D40E7E97A03F1165 /* [CP] Check Pods Manifest.lock */,
				98C75F641DB5F0E50061DED6 /* Sources */,
				98C75F651DB5F0E50061DED6 /* Frameworks */,
				98C75F661DB5F0E50061DED6 /* Resources */,
				6610C7CCA5076EC53EE556CE /* [CP] Embed Pods Frameworks */,
				A4674E7E2AD92EB28C324276 /* [CP] Copy Pods Resources */,
			);
			buildRules = (
			);
			dependencies = (
			);
			name = GabriellaXia;
			productName = GabriellaXia;
			productReference = 98C75F681DB5F0E50061DED6 /* GabriellaXia.app */;
			productType = "com.apple.product-type.application";
		};
		98C75F801DB5F0E50061DED6 /* GabriellaXiaTests */ = {
			isa = PBXNativeTarget;
			buildConfigurationList = 98C75F981DB5F0E50061DED6 /* Build configuration list for PBXNativeTarget "GabriellaXiaTests" */;
			buildPhases = (
				98C75F7D1DB5F0E50061DED6 /* Sources */,
				98C75F7E1DB5F0E50061DED6 /* Frameworks */,
				98C75F7F1DB5F0E50061DED6 /* Resources */,
			);
			buildRules = (
			);
			dependencies = (
				98C75F831DB5F0E50061DED6 /* PBXTargetDependency */,
			);
			name = GabriellaXiaTests;
			productName = GabriellaXiaTests;
			productReference = 98C75F811DB5F0E50061DED6 /* GabriellaXiaTests.xctest */;
			productType = "com.apple.product-type.bundle.unit-test";
		};
		98C75F8B1DB5F0E50061DED6 /* GabriellaXiaUITests */ = {
			isa = PBXNativeTarget;
			buildConfigurationList = 98C75F9B1DB5F0E50061DED6 /* Build configuration list for PBXNativeTarget "GabriellaXiaUITests" */;
			buildPhases = (
				98C75F881DB5F0E50061DED6 /* Sources */,
				98C75F891DB5F0E50061DED6 /* Frameworks */,
				98C75F8A1DB5F0E50061DED6 /* Resources */,
			);
			buildRules = (
			);
			dependencies = (
				98C75F8E1DB5F0E50061DED6 /* PBXTargetDependency */,
			);
			name = GabriellaXiaUITests;
			productName = GabriellaXiaUITests;
			productReference = 98C75F8C1DB5F0E50061DED6 /* GabriellaXiaUITests.xctest */;
			productType = "com.apple.product-type.bundle.ui-testing";
		};
/* End PBXNativeTarget section */

/* Begin PBXProject section */
		98C75F601DB5F0E40061DED6 /* Project object */ = {
			isa = PBXProject;
			attributes = {
				LastUpgradeCheck = 0800;
				ORGANIZATIONNAME = Gabriella;
				TargetAttributes = {
					98C75F671DB5F0E50061DED6 = {
						CreatedOnToolsVersion = 8.0;
						DevelopmentTeam = R5MB99AR64;
						ProvisioningStyle = Automatic;
					};
					98C75F801DB5F0E50061DED6 = {
						CreatedOnToolsVersion = 8.0;
						DevelopmentTeam = R5MB99AR64;
						ProvisioningStyle = Automatic;
						TestTargetID = 98C75F671DB5F0E50061DED6;
					};
					98C75F8B1DB5F0E50061DED6 = {
						CreatedOnToolsVersion = 8.0;
						ProvisioningStyle = Automatic;
						TestTargetID = 98C75F671DB5F0E50061DED6;
					};
				};
			};
			buildConfigurationList = 98C75F631DB5F0E40061DED6 /* Build configuration list for PBXProject "GabriellaXia" */;
			compatibilityVersion = "Xcode 3.2";
			developmentRegion = English;
			hasScannedForEncodings = 0;
			knownRegions = (
				en,
				Base,
				"zh-Hans",
				ja,
			);
			mainGroup = 98C75F5F1DB5F0E40061DED6;
			productRefGroup = 98C75F691DB5F0E50061DED6 /* Products */;
			projectDirPath = "";
			projectRoot = "";
			targets = (
				98C75F671DB5F0E50061DED6 /* GabriellaXia */,
				98C75F801DB5F0E50061DED6 /* GabriellaXiaTests */,
				98C75F8B1DB5F0E50061DED6 /* GabriellaXiaUITests */,
			);
		};
/* End PBXProject section */

/* Begin PBXResourcesBuildPhase section */
		98C75F661DB5F0E50061DED6 /* Resources */ = {
			isa = PBXResourcesBuildPhase;
			buildActionMask = 2147483647;
			files = (
				980A7AF91DB9A68A00316915 /* Skins in Resources */,
				98AD05261DBD133600653428 /* RightViewController.xib in Resources */,
				98AD05091DBAF5DD00653428 /* Localizable.strings in Resources */,
				98C75FD41DB77A070061DED6 /* BaseViewController.xib in Resources */,
				98AD05121DBBC31000653428 /* InfoPlist.strings in Resources */,
				98C760041DB7B9E10061DED6 /* RegisterViewController.xib in Resources */,
				98C75FF01DB7B7BB0061DED6 /* MoreViewController.xib in Resources */,
				98C75F7B1DB5F0E50061DED6 /* LaunchScreen.storyboard in Resources */,
				98AD05211DBD132500653428 /* LeftViewController.xib in Resources */,
				98C75FD61DB77A070061DED6 /* HomeViewController.xib in Resources */,
				98C75FEB1DB7B7A10061DED6 /* DiscoverViewController.xib in Resources */,
				98C75FFA1DB7B7E40061DED6 /* MessageViewController.xib in Resources */,
				98C75FF51DB7B7CF0061DED6 /* MeViewController.xib in Resources */,
				98C75FFF1DB7B9CB0061DED6 /* LoginViewController.xib in Resources */,
			);
			runOnlyForDeploymentPostprocessing = 0;
		};
		98C75F7F1DB5F0E50061DED6 /* Resources */ = {
			isa = PBXResourcesBuildPhase;
			buildActionMask = 2147483647;
			files = (
			);
			runOnlyForDeploymentPostprocessing = 0;
		};
		98C75F8A1DB5F0E50061DED6 /* Resources */ = {
			isa = PBXResourcesBuildPhase;
			buildActionMask = 2147483647;
			files = (
			);
			runOnlyForDeploymentPostprocessing = 0;
		};
/* End PBXResourcesBuildPhase section */

/* Begin PBXShellScriptBuildPhase section */
		6610C7CCA5076EC53EE556CE /* [CP] Embed Pods Frameworks */ = {
			isa = PBXShellScriptBuildPhase;
			buildActionMask = 2147483647;
			files = (
			);
			inputPaths = (
			);
			name = "[CP] Embed Pods Frameworks";
			outputPaths = (
			);
			runOnlyForDeploymentPostprocessing = 0;
			shellPath = /bin/sh;
			shellScript = "\"${SRCROOT}/Pods/Target Support Files/Pods-GabriellaXia/Pods-GabriellaXia-frameworks.sh\"\n";
			showEnvVarsInLog = 0;
		};
		8EF268F8D40E7E97A03F1165 /* [CP] Check Pods Manifest.lock */ = {
			isa = PBXShellScriptBuildPhase;
			buildActionMask = 2147483647;
			files = (
			);
			inputPaths = (
			);
			name = "[CP] Check Pods Manifest.lock";
			outputPaths = (
			);
			runOnlyForDeploymentPostprocessing = 0;
			shellPath = /bin/sh;
			shellScript = "diff \"${PODS_ROOT}/../Podfile.lock\" \"${PODS_ROOT}/Manifest.lock\" > /dev/null\nif [ $? != 0 ] ; then\n    # print error to STDERR\n    echo \"error: The sandbox is not in sync with the Podfile.lock. Run 'pod install' or update your CocoaPods installation.\" >&2\n    exit 1\nfi\n";
			showEnvVarsInLog = 0;
		};
		A4674E7E2AD92EB28C324276 /* [CP] Copy Pods Resources */ = {
			isa = PBXShellScriptBuildPhase;
			buildActionMask = 2147483647;
			files = (
			);
			inputPaths = (
			);
			name = "[CP] Copy Pods Resources";
			outputPaths = (
			);
			runOnlyForDeploymentPostprocessing = 0;
			shellPath = /bin/sh;
			shellScript = "\"${SRCROOT}/Pods/Target Support Files/Pods-GabriellaXia/Pods-GabriellaXia-resources.sh\"\n";
			showEnvVarsInLog = 0;
		};
/* End PBXShellScriptBuildPhase section */

/* Begin PBXSourcesBuildPhase section */
		98C75F641DB5F0E50061DED6 /* Sources */ = {
			isa = PBXSourcesBuildPhase;
			buildActionMask = 2147483647;
			files = (
				98C75F701DB5F0E50061DED6 /* AppDelegate.m in Sources */,
				98C75FEA1DB7B7A10061DED6 /* DiscoverViewController.m in Sources */,
				98C75FFE1DB7B9CB0061DED6 /* LoginViewController.m in Sources */,
				98AD051B1DBCDF8300653428 /* UIView+Response.m in Sources */,
				98C75FE11DB77A170061DED6 /* NavigationManager.m in Sources */,
				98C75FD71DB77A070061DED6 /* MainTabBarController.m in Sources */,
				98C75FD31DB77A070061DED6 /* BaseViewController.m in Sources */,
				98C75F6D1DB5F0E50061DED6 /* main.m in Sources */,
				98C75FF91DB7B7E40061DED6 /* MessageViewController.m in Sources */,
				98C75FD51DB77A070061DED6 /* HomeViewController.m in Sources */,
				98C75FE21DB77A170061DED6 /* DataSaveTool.m in Sources */,
				98C7600B1DB7C0320061DED6 /* ThemeLable.m in Sources */,
				98C75FE61DB77BB00061DED6 /* AppConstants.m in Sources */,
				98AD050F1DBAF97D00653428 /* LocalizationManager.m in Sources */,
				98C760031DB7B9E10061DED6 /* RegisterViewController.m in Sources */,
				98AD05251DBD133600653428 /* RightViewController.m in Sources */,
				98C7600E1DB7C0760061DED6 /* ThemeButton.m in Sources */,
				98C760081DB7C0180061DED6 /* ThemeImageView.m in Sources */,
				98C760111DB7C0B10061DED6 /* ThemeManeger.m in Sources */,
				98AD052C1DBD154300653428 /* BaseViewController+MMDrawerViewController.m in Sources */,
				98AD05201DBD132500653428 /* LeftViewController.m in Sources */,
				98C75FF41DB7B7CF0061DED6 /* MeViewController.m in Sources */,
				98C75FEF1DB7B7BB0061DED6 /* MoreViewController.m in Sources */,
			);
			runOnlyForDeploymentPostprocessing = 0;
		};
		98C75F7D1DB5F0E50061DED6 /* Sources */ = {
			isa = PBXSourcesBuildPhase;
			buildActionMask = 2147483647;
			files = (
				98C75F861DB5F0E50061DED6 /* GabriellaXiaTests.m in Sources */,
			);
			runOnlyForDeploymentPostprocessing = 0;
		};
		98C75F881DB5F0E50061DED6 /* Sources */ = {
			isa = PBXSourcesBuildPhase;
			buildActionMask = 2147483647;
			files = (
				98C75F911DB5F0E50061DED6 /* GabriellaXiaUITests.m in Sources */,
			);
			runOnlyForDeploymentPostprocessing = 0;
		};
/* End PBXSourcesBuildPhase section */

/* Begin PBXTargetDependency section */
		98C75F831DB5F0E50061DED6 /* PBXTargetDependency */ = {
			isa = PBXTargetDependency;
			target = 98C75F671DB5F0E50061DED6 /* GabriellaXia */;
			targetProxy = 98C75F821DB5F0E50061DED6 /* PBXContainerItemProxy */;
		};
		98C75F8E1DB5F0E50061DED6 /* PBXTargetDependency */ = {
			isa = PBXTargetDependency;
			target = 98C75F671DB5F0E50061DED6 /* GabriellaXia */;
			targetProxy = 98C75F8D1DB5F0E50061DED6 /* PBXContainerItemProxy */;
		};
/* End PBXTargetDependency section */

/* Begin PBXVariantGroup section */
		98AD050B1DBAF5DD00653428 /* Localizable.strings */ = {
			isa = PBXVariantGroup;
			children = (
				98AD050A1DBAF5DD00653428 /* en */,
				98AD050C1DBAF5E800653428 /* zh-Hans */,
				98AD05171DBBC3B200653428 /* ja */,
			);
			name = Localizable.strings;
			sourceTree = "<group>";
		};
		98AD05141DBBC31000653428 /* InfoPlist.strings */ = {
			isa = PBXVariantGroup;
			children = (
				98AD05131DBBC31000653428 /* en */,
				98AD05151DBBC31C00653428 /* zh-Hans */,
				98AD05181DBBC3B200653428 /* ja */,
			);
			name = InfoPlist.strings;
			sourceTree = "<group>";
		};
		98C75F791DB5F0E50061DED6 /* LaunchScreen.storyboard */ = {
			isa = PBXVariantGroup;
			children = (
				98C75F7A1DB5F0E50061DED6 /* Base */,
				98AD05031DBAEFD400653428 /* zh-Hans */,
				98AD05161DBBC3B100653428 /* ja */,
			);
			name = LaunchScreen.storyboard;
			sourceTree = "<group>";
		};
/* End PBXVariantGroup section */

/* Begin XCBuildConfiguration section */
		98C75F931DB5F0E50061DED6 /* Debug */ = {
			isa = XCBuildConfiguration;
			buildSettings = {
				ALWAYS_SEARCH_USER_PATHS = NO;
				CLANG_ANALYZER_LOCALIZABILITY_NONLOCALIZED = YES;
				CLANG_ANALYZER_NONNULL = YES;
				CLANG_CXX_LANGUAGE_STANDARD = "gnu++0x";
				CLANG_CXX_LIBRARY = "libc++";
				CLANG_ENABLE_MODULES = YES;
				CLANG_ENABLE_OBJC_ARC = YES;
				CLANG_WARN_BOOL_CONVERSION = YES;
				CLANG_WARN_CONSTANT_CONVERSION = YES;
				CLANG_WARN_DIRECT_OBJC_ISA_USAGE = YES_ERROR;
				CLANG_WARN_DOCUMENTATION_COMMENTS = YES;
				CLANG_WARN_EMPTY_BODY = YES;
				CLANG_WARN_ENUM_CONVERSION = YES;
				CLANG_WARN_INFINITE_RECURSION = YES;
				CLANG_WARN_INT_CONVERSION = YES;
				CLANG_WARN_OBJC_ROOT_CLASS = YES_ERROR;
				CLANG_WARN_SUSPICIOUS_MOVES = YES;
				CLANG_WARN_UNREACHABLE_CODE = YES;
				CLANG_WARN__DUPLICATE_METHOD_MATCH = YES;
				"CODE_SIGN_IDENTITY[sdk=iphoneos*]" = "iPhone Developer";
				COPY_PHASE_STRIP = NO;
				DEBUG_INFORMATION_FORMAT = dwarf;
				ENABLE_STRICT_OBJC_MSGSEND = YES;
				ENABLE_TESTABILITY = YES;
				GCC_C_LANGUAGE_STANDARD = gnu99;
				GCC_DYNAMIC_NO_PIC = NO;
				GCC_NO_COMMON_BLOCKS = YES;
				GCC_OPTIMIZATION_LEVEL = 0;
				GCC_PREPROCESSOR_DEFINITIONS = (
					"DEBUG=1",
					"$(inherited)",
				);
				GCC_WARN_64_TO_32_BIT_CONVERSION = YES;
				GCC_WARN_ABOUT_RETURN_TYPE = YES_ERROR;
				GCC_WARN_UNDECLARED_SELECTOR = YES;
				GCC_WARN_UNINITIALIZED_AUTOS = YES_AGGRESSIVE;
				GCC_WARN_UNUSED_FUNCTION = YES;
				GCC_WARN_UNUSED_VARIABLE = YES;
				IPHONEOS_DEPLOYMENT_TARGET = 10.0;
				MTL_ENABLE_DEBUG_INFO = YES;
				ONLY_ACTIVE_ARCH = YES;
				SDKROOT = iphoneos;
				TARGETED_DEVICE_FAMILY = "1,2";
			};
			name = Debug;
		};
		98C75F941DB5F0E50061DED6 /* Release */ = {
			isa = XCBuildConfiguration;
			buildSettings = {
				ALWAYS_SEARCH_USER_PATHS = NO;
				CLANG_ANALYZER_LOCALIZABILITY_NONLOCALIZED = YES;
				CLANG_ANALYZER_NONNULL = YES;
				CLANG_CXX_LANGUAGE_STANDARD = "gnu++0x";
				CLANG_CXX_LIBRARY = "libc++";
				CLANG_ENABLE_MODULES = YES;
				CLANG_ENABLE_OBJC_ARC = YES;
				CLANG_WARN_BOOL_CONVERSION = YES;
				CLANG_WARN_CONSTANT_CONVERSION = YES;
				CLANG_WARN_DIRECT_OBJC_ISA_USAGE = YES_ERROR;
				CLANG_WARN_DOCUMENTATION_COMMENTS = YES;
				CLANG_WARN_EMPTY_BODY = YES;
				CLANG_WARN_ENUM_CONVERSION = YES;
				CLANG_WARN_INFINITE_RECURSION = YES;
				CLANG_WARN_INT_CONVERSION = YES;
				CLANG_WARN_OBJC_ROOT_CLASS = YES_ERROR;
				CLANG_WARN_SUSPICIOUS_MOVES = YES;
				CLANG_WARN_UNREACHABLE_CODE = YES;
				CLANG_WARN__DUPLICATE_METHOD_MATCH = YES;
				"CODE_SIGN_IDENTITY[sdk=iphoneos*]" = "iPhone Developer";
				COPY_PHASE_STRIP = NO;
				DEBUG_INFORMATION_FORMAT = "dwarf-with-dsym";
				ENABLE_NS_ASSERTIONS = NO;
				ENABLE_STRICT_OBJC_MSGSEND = YES;
				GCC_C_LANGUAGE_STANDARD = gnu99;
				GCC_NO_COMMON_BLOCKS = YES;
				GCC_WARN_64_TO_32_BIT_CONVERSION = YES;
				GCC_WARN_ABOUT_RETURN_TYPE = YES_ERROR;
				GCC_WARN_UNDECLARED_SELECTOR = YES;
				GCC_WARN_UNINITIALIZED_AUTOS = YES_AGGRESSIVE;
				GCC_WARN_UNUSED_FUNCTION = YES;
				GCC_WARN_UNUSED_VARIABLE = YES;
				IPHONEOS_DEPLOYMENT_TARGET = 10.0;
				MTL_ENABLE_DEBUG_INFO = NO;
				SDKROOT = iphoneos;
				TARGETED_DEVICE_FAMILY = "1,2";
				VALIDATE_PRODUCT = YES;
			};
			name = Release;
		};
		98C75F961DB5F0E50061DED6 /* Debug */ = {
			isa = XCBuildConfiguration;
			baseConfigurationReference = 623AE4C252233D4CD424C1CC /* Pods-GabriellaXia.debug.xcconfig */;
			buildSettings = {
				ASSETCATALOG_COMPILER_APPICON_NAME = AppIcon;
				DEVELOPMENT_TEAM = R5MB99AR64;
				GCC_PRECOMPILE_PREFIX_HEADER = YES;
				GCC_PREFIX_HEADER = "$(SRCROOT)/GabriellaXia/Conment.pch";
				INFOPLIST_FILE = GabriellaXia/Info.plist;
				LD_RUNPATH_SEARCH_PATHS = "$(inherited) @executable_path/Frameworks";
				PRODUCT_BUNDLE_IDENTIFIER = xm.GabriellaXia;
				PRODUCT_NAME = "$(TARGET_NAME)";
			};
			name = Debug;
		};
		98C75F971DB5F0E50061DED6 /* Release */ = {
			isa = XCBuildConfiguration;
			baseConfigurationReference = 487BD6827DD89F3EE97DA90A /* Pods-GabriellaXia.release.xcconfig */;
			buildSettings = {
				ASSETCATALOG_COMPILER_APPICON_NAME = AppIcon;
				DEVELOPMENT_TEAM = R5MB99AR64;
				GCC_PRECOMPILE_PREFIX_HEADER = YES;
				GCC_PREFIX_HEADER = "$(SRCROOT)/GabriellaXia/Conment.pch";
				INFOPLIST_FILE = GabriellaXia/Info.plist;
				LD_RUNPATH_SEARCH_PATHS = "$(inherited) @executable_path/Frameworks";
				PRODUCT_BUNDLE_IDENTIFIER = xm.GabriellaXia;
				PRODUCT_NAME = "$(TARGET_NAME)";
			};
			name = Release;
		};
		98C75F991DB5F0E50061DED6 /* Debug */ = {
			isa = XCBuildConfiguration;
			buildSettings = {
				BUNDLE_LOADER = "$(TEST_HOST)";
				DEVELOPMENT_TEAM = R5MB99AR64;
				INFOPLIST_FILE = GabriellaXiaTests/Info.plist;
				LD_RUNPATH_SEARCH_PATHS = "$(inherited) @executable_path/Frameworks @loader_path/Frameworks";
				PRODUCT_BUNDLE_IDENTIFIER = xm.GabriellaXiaTests;
				PRODUCT_NAME = "$(TARGET_NAME)";
				TEST_HOST = "$(BUILT_PRODUCTS_DIR)/GabriellaXia.app/GabriellaXia";
			};
			name = Debug;
		};
		98C75F9A1DB5F0E50061DED6 /* Release */ = {
			isa = XCBuildConfiguration;
			buildSettings = {
				BUNDLE_LOADER = "$(TEST_HOST)";
				DEVELOPMENT_TEAM = R5MB99AR64;
				INFOPLIST_FILE = GabriellaXiaTests/Info.plist;
				LD_RUNPATH_SEARCH_PATHS = "$(inherited) @executable_path/Frameworks @loader_path/Frameworks";
				PRODUCT_BUNDLE_IDENTIFIER = xm.GabriellaXiaTests;
				PRODUCT_NAME = "$(TARGET_NAME)";
				TEST_HOST = "$(BUILT_PRODUCTS_DIR)/GabriellaXia.app/GabriellaXia";
			};
			name = Release;
		};
		98C75F9C1DB5F0E50061DED6 /* Debug */ = {
			isa = XCBuildConfiguration;
			buildSettings = {
				INFOPLIST_FILE = GabriellaXiaUITests/Info.plist;
				LD_RUNPATH_SEARCH_PATHS = "$(inherited) @executable_path/Frameworks @loader_path/Frameworks";
				PRODUCT_BUNDLE_IDENTIFIER = xm.GabriellaXiaUITests;
				PRODUCT_NAME = "$(TARGET_NAME)";
				TEST_TARGET_NAME = GabriellaXia;
			};
			name = Debug;
		};
		98C75F9D1DB5F0E50061DED6 /* Release */ = {
			isa = XCBuildConfiguration;
			buildSettings = {
				INFOPLIST_FILE = GabriellaXiaUITests/Info.plist;
				LD_RUNPATH_SEARCH_PATHS = "$(inherited) @executable_path/Frameworks @loader_path/Frameworks";
				PRODUCT_BUNDLE_IDENTIFIER = xm.GabriellaXiaUITests;
				PRODUCT_NAME = "$(TARGET_NAME)";
				TEST_TARGET_NAME = GabriellaXia;
			};
			name = Release;
		};
/* End XCBuildConfiguration section */

/* Begin XCConfigurationList section */
		98C75F631DB5F0E40061DED6 /* Build configuration list for PBXProject "GabriellaXia" */ = {
			isa = XCConfigurationList;
			buildConfigurations = (
				98C75F931DB5F0E50061DED6 /* Debug */,
				98C75F941DB5F0E50061DED6 /* Release */,
			);
			defaultConfigurationIsVisible = 0;
			defaultConfigurationName = Release;
		};
		98C75F951DB5F0E50061DED6 /* Build configuration list for PBXNativeTarget "GabriellaXia" */ = {
			isa = XCConfigurationList;
			buildConfigurations = (
				98C75F961DB5F0E50061DED6 /* Debug */,
				98C75F971DB5F0E50061DED6 /* Release */,
			);
			defaultConfigurationIsVisible = 0;
			defaultConfigurationName = Release;
		};
		98C75F981DB5F0E50061DED6 /* Build configuration list for PBXNativeTarget "GabriellaXiaTests" */ = {
			isa = XCConfigurationList;
			buildConfigurations = (
				98C75F991DB5F0E50061DED6 /* Debug */,
				98C75F9A1DB5F0E50061DED6 /* Release */,
			);
			defaultConfigurationIsVisible = 0;
			defaultConfigurationName = Release;
		};
		98C75F9B1DB5F0E50061DED6 /* Build configuration list for PBXNativeTarget "GabriellaXiaUITests" */ = {
			isa = XCConfigurationList;
			buildConfigurations = (
				98C75F9C1DB5F0E50061DED6 /* Debug */,
				98C75F9D1DB5F0E50061DED6 /* Release */,
			);
			defaultConfigurationIsVisible = 0;
			defaultConfigurationName = Release;
		};
/* End XCConfigurationList section */
	};
	rootObject = 98C75F601DB5F0E40061DED6 /* Project object */;
}
